
Microsoft Visual Studio Solution File, Format Version 12.00
# Visual Studio 14
VisualStudioVersion = 14.0.25420.1
MinimumVisualStudioVersion = 10.0.40219.1
Project("{F14B399A-7131-4C87-9E4B-1186C45EF12D}") = "SeedReports", "..\..\SeedReports\SeedReports\SeedReports.rptproj", "{28988D65-9C11-4B3E-BE7B-04D54CD10180}"
EndProject
Global
	GlobalSection(SolutionConfigurationPlatforms) = preSolution
		Debug|Any CPU = Debug|Any CPU
		DebugLocal|Any CPU = DebugLocal|Any CPU
		Release|Any CPU = Release|Any CPU
	EndGlobalSection
	GlobalSection(ProjectConfigurationPlatforms) = postSolution
		{28988D65-9C11-4B3E-BE7B-04D54CD10180}.Debug|Any CPU.ActiveCfg = Debug
		{28988D65-9C11-4B3E-BE7B-04D54CD10180}.Debug|Any CPU.Build.0 = Debug
		{28988D65-9C11-4B3E-BE7B-04D54CD10180}.Debug|Any CPU.Deploy.0 = Debug
		{28988D65-9C11-4B3E-BE7B-04D54CD10180}.DebugLocal|Any CPU.ActiveCfg = DebugLocal
		{28988D65-9C11-4B3E-BE7B-04D54CD10180}.DebugLocal|Any CPU.Build.0 = DebugLocal
		{28988D65-9C11-4B3E-BE7B-04D54CD10180}.DebugLocal|Any CPU.Deploy.0 = DebugLocal
		{28988D65-9C11-4B3E-BE7B-04D54CD10180}.Release|Any CPU.ActiveCfg = Release
		{28988D65-9C11-4B3E-BE7B-04D54CD10180}.Release|Any CPU.Build.0 = Release
		{28988D65-9C11-4B3E-BE7B-04D54CD10180}.Release|Any CPU.Deploy.0 = Release
	EndGlobalSection
	GlobalSection(SolutionProperties) = preSolution
		HideSolutionNode = FALSE
	EndGlobalSection
EndGlobal
